
Microsoft Visual Studio Solution File, Format Version 12.00
# Visual Studio Version 16
VisualStudioVersion = 16.0.29806.167
MinimumVisualStudioVersion = 10.0.40219.1
Project("{FAE04EC0-301F-11D3-BF4B-00C04F79EFBC}") = "KomodoCafe", "KomodoCafe\KomodoCafe.csproj", "{E3148938-2011-4E71-AC51-0E58352D2294}"
EndProject
Project("{2150E333-8FDC-42A3-9474-1A3956D46DE8}") = "01_Challenge1", "01_Challenge1", "{BD379BC9-992C-4A0A-B4A6-90BBD226E65A}"
EndProject
Project("{FAE04EC0-301F-11D3-BF4B-00C04F79EFBC}") = "KomodoCafeConsole", "KomodoCafeConsole\KomodoCafeConsole.csproj", "{4A91C982-706E-490E-A3C2-C91F32A0A128}"
EndProject
Project("{FAE04EC0-301F-11D3-BF4B-00C04F79EFBC}") = "KomodoCafeTests", "KomodoCafeTests\KomodoCafeTests.csproj", "{7BB64F70-A421-450A-B62D-BB2E26D57F43}"
EndProject
Project("{2150E333-8FDC-42A3-9474-1A3956D46DE8}") = "02_Challenge2", "02_Challenge2", "{AA2DB7EB-E7A4-4D04-BCC4-8548C257D719}"
EndProject
Project("{FAE04EC0-301F-11D3-BF4B-00C04F79EFBC}") = "ClaimsLibrary", "ClaimsLibrary\ClaimsLibrary.csproj", "{636D3A32-C9B1-4FB2-A868-E7E71606F15A}"
EndProject
Project("{FAE04EC0-301F-11D3-BF4B-00C04F79EFBC}") = "ClaimsConsoleApp", "ClaimsConsoleApp\ClaimsConsoleApp.csproj", "{779190C0-E2BA-4F5F-AC93-B1D45C0E89E5}"
EndProject
Project("{FAE04EC0-301F-11D3-BF4B-00C04F79EFBC}") = "ClaimsTests", "ClaimsTests\ClaimsTests.csproj", "{AFF30ACC-56D8-426E-A03A-D63A4D2BA978}"
EndProject
Project("{2150E333-8FDC-42A3-9474-1A3956D46DE8}") = "03_Challenge3", "03_Challenge3", "{7E621200-F618-4A8B-8950-DED742AADF47}"
EndProject
Project("{FAE04EC0-301F-11D3-BF4B-00C04F79EFBC}") = "KomodoBadgeConsoleApp", "KomodoBadgeConsoleApp\KomodoBadgeConsoleApp.csproj", "{B071FE9D-4C03-4B1E-9B6D-A617906A59FB}"
EndProject
Project("{FAE04EC0-301F-11D3-BF4B-00C04F79EFBC}") = "KomodoBadgeClasses", "KomodoBadgeClasses\KomodoBadgeClasses.csproj", "{2E77C762-F8E9-49EB-80EF-08B17F7634C1}"
EndProject
Project("{FAE04EC0-301F-11D3-BF4B-00C04F79EFBC}") = "KomodoBadgeTests", "KomodoBadgeTests\KomodoBadgeTests.csproj", "{3CEB26DD-705E-4B5E-9C4D-2957B025276D}"
EndProject
Project("{2150E333-8FDC-42A3-9474-1A3956D46DE8}") = "04_Challenge4", "04_Challenge4", "{F88A3B20-396A-4C0D-A7E8-28ED89E8AB3F}"
EndProject
Project("{FAE04EC0-301F-11D3-BF4B-00C04F79EFBC}") = "EventClasses", "EventClasses\EventClasses.csproj", "{DE94D540-8DD7-41ED-9917-EE773572AFDA}"
EndProject
Project("{FAE04EC0-301F-11D3-BF4B-00C04F79EFBC}") = "EventTests", "EventTests\EventTests.csproj", "{2CEDB525-0E53-4FD6-8859-C35C9AA835A1}"
EndProject
Project("{FAE04EC0-301F-11D3-BF4B-00C04F79EFBC}") = "EventConsoleApp", "EventConsoleApp\EventConsoleApp.csproj", "{CE6A3D0C-8475-4991-B219-4BE7B20A6080}"
EndProject
Project("{2150E333-8FDC-42A3-9474-1A3956D46DE8}") = "05_Challenge5", "05_Challenge5", "{6BF73AF8-9DD4-4DC0-9172-91A85BD91BB4}"
EndProject
Global
	GlobalSection(SolutionConfigurationPlatforms) = preSolution
		Debug|Any CPU = Debug|Any CPU
		Release|Any CPU = Release|Any CPU
	EndGlobalSection
	GlobalSection(ProjectConfigurationPlatforms) = postSolution
		{E3148938-2011-4E71-AC51-0E58352D2294}.Debug|Any CPU.ActiveCfg = Debug|Any CPU
		{E3148938-2011-4E71-AC51-0E58352D2294}.Debug|Any CPU.Build.0 = Debug|Any CPU
		{E3148938-2011-4E71-AC51-0E58352D2294}.Release|Any CPU.ActiveCfg = Release|Any CPU
		{E3148938-2011-4E71-AC51-0E58352D2294}.Release|Any CPU.Build.0 = Release|Any CPU
		{4A91C982-706E-490E-A3C2-C91F32A0A128}.Debug|Any CPU.ActiveCfg = Debug|Any CPU
		{4A91C982-706E-490E-A3C2-C91F32A0A128}.Debug|Any CPU.Build.0 = Debug|Any CPU
		{4A91C982-706E-490E-A3C2-C91F32A0A128}.Release|Any CPU.ActiveCfg = Release|Any CPU
		{4A91C982-706E-490E-A3C2-C91F32A0A128}.Release|Any CPU.Build.0 = Release|Any CPU
		{7BB64F70-A421-450A-B62D-BB2E26D57F43}.Debug|Any CPU.ActiveCfg = Debug|Any CPU
		{7BB64F70-A421-450A-B62D-BB2E26D57F43}.Debug|Any CPU.Build.0 = Debug|Any CPU
		{7BB64F70-A421-450A-B62D-BB2E26D57F43}.Release|Any CPU.ActiveCfg = Release|Any CPU
		{7BB64F70-A421-450A-B62D-BB2E26D57F43}.Release|Any CPU.Build.0 = Release|Any CPU
		{636D3A32-C9B1-4FB2-A868-E7E71606F15A}.Debug|Any CPU.ActiveCfg = Debug|Any CPU
		{636D3A32-C9B1-4FB2-A868-E7E71606F15A}.Debug|Any CPU.Build.0 = Debug|Any CPU
		{636D3A32-C9B1-4FB2-A868-E7E71606F15A}.Release|Any CPU.ActiveCfg = Release|Any CPU
		{636D3A32-C9B1-4FB2-A868-E7E71606F15A}.Release|Any CPU.Build.0 = Release|Any CPU
		{779190C0-E2BA-4F5F-AC93-B1D45C0E89E5}.Debug|Any CPU.ActiveCfg = Debug|Any CPU
		{779190C0-E2BA-4F5F-AC93-B1D45C0E89E5}.Debug|Any CPU.Build.0 = Debug|Any CPU
		{779190C0-E2BA-4F5F-AC93-B1D45C0E89E5}.Release|Any CPU.ActiveCfg = Release|Any CPU
		{779190C0-E2BA-4F5F-AC93-B1D45C0E89E5}.Release|Any CPU.Build.0 = Release|Any CPU
		{AFF30ACC-56D8-426E-A03A-D63A4D2BA978}.Debug|Any CPU.ActiveCfg = Debug|Any CPU
		{AFF30ACC-56D8-426E-A03A-D63A4D2BA978}.Debug|Any CPU.Build.0 = Debug|Any CPU
		{AFF30ACC-56D8-426E-A03A-D63A4D2BA978}.Release|Any CPU.ActiveCfg = Release|Any CPU
		{AFF30ACC-56D8-426E-A03A-D63A4D2BA978}.Release|Any CPU.Build.0 = Release|Any CPU
		{B071FE9D-4C03-4B1E-9B6D-A617906A59FB}.Debug|Any CPU.ActiveCfg = Debug|Any CPU
		{B071FE9D-4C03-4B1E-9B6D-A617906A59FB}.Debug|Any CPU.Build.0 = Debug|Any CPU
		{B071FE9D-4C03-4B1E-9B6D-A617906A59FB}.Release|Any CPU.ActiveCfg = Release|Any CPU
		{B071FE9D-4C03-4B1E-9B6D-A617906A59FB}.Release|Any CPU.Build.0 = Release|Any CPU
		{2E77C762-F8E9-49EB-80EF-08B17F7634C1}.Debug|Any CPU.ActiveCfg = Debug|Any CPU
		{2E77C762-F8E9-49EB-80EF-08B17F7634C1}.Debug|Any CPU.Build.0 = Debug|Any CPU
		{2E77C762-F8E9-49EB-80EF-08B17F7634C1}.Release|Any CPU.ActiveCfg = Release|Any CPU
		{2E77C762-F8E9-49EB-80EF-08B17F7634C1}.Release|Any CPU.Build.0 = Release|Any CPU
		{3CEB26DD-705E-4B5E-9C4D-2957B025276D}.Debug|Any CPU.ActiveCfg = Debug|Any CPU
		{3CEB26DD-705E-4B5E-9C4D-2957B025276D}.Debug|Any CPU.Build.0 = Debug|Any CPU
		{3CEB26DD-705E-4B5E-9C4D-2957B025276D}.Release|Any CPU.ActiveCfg = Release|Any CPU
		{3CEB26DD-705E-4B5E-9C4D-2957B025276D}.Release|Any CPU.Build.0 = Release|Any CPU
		{DE94D540-8DD7-41ED-9917-EE773572AFDA}.Debug|Any CPU.ActiveCfg = Debug|Any CPU
		{DE94D540-8DD7-41ED-9917-EE773572AFDA}.Debug|Any CPU.Build.0 = Debug|Any CPU
		{DE94D540-8DD7-41ED-9917-EE773572AFDA}.Release|Any CPU.ActiveCfg = Release|Any CPU
		{DE94D540-8DD7-41ED-9917-EE773572AFDA}.Release|Any CPU.Build.0 = Release|Any CPU
		{2CEDB525-0E53-4FD6-8859-C35C9AA835A1}.Debug|Any CPU.ActiveCfg = Debug|Any CPU
		{2CEDB525-0E53-4FD6-8859-C35C9AA835A1}.Debug|Any CPU.Build.0 = Debug|Any CPU
		{2CEDB525-0E53-4FD6-8859-C35C9AA835A1}.Release|Any CPU.ActiveCfg = Release|Any CPU
		{2CEDB525-0E53-4FD6-8859-C35C9AA835A1}.Release|Any CPU.Build.0 = Release|Any CPU
		{CE6A3D0C-8475-4991-B219-4BE7B20A6080}.Debug|Any CPU.ActiveCfg = Debug|Any CPU
		{CE6A3D0C-8475-4991-B219-4BE7B20A6080}.Debug|Any CPU.Build.0 = Debug|Any CPU
		{CE6A3D0C-8475-4991-B219-4BE7B20A6080}.Release|Any CPU.ActiveCfg = Release|Any CPU
		{CE6A3D0C-8475-4991-B219-4BE7B20A6080}.Release|Any CPU.Build.0 = Release|Any CPU
	EndGlobalSection
	GlobalSection(SolutionProperties) = preSolution
		HideSolutionNode = FALSE
	EndGlobalSection
	GlobalSection(NestedProjects) = preSolution
		{E3148938-2011-4E71-AC51-0E58352D2294} = {BD379BC9-992C-4A0A-B4A6-90BBD226E65A}
		{4A91C982-706E-490E-A3C2-C91F32A0A128} = {BD379BC9-992C-4A0A-B4A6-90BBD226E65A}
		{7BB64F70-A421-450A-B62D-BB2E26D57F43} = {BD379BC9-992C-4A0A-B4A6-90BBD226E65A}
		{636D3A32-C9B1-4FB2-A868-E7E71606F15A} = {AA2DB7EB-E7A4-4D04-BCC4-8548C257D719}
		{779190C0-E2BA-4F5F-AC93-B1D45C0E89E5} = {AA2DB7EB-E7A4-4D04-BCC4-8548C257D719}
		{AFF30ACC-56D8-426E-A03A-D63A4D2BA978} = {AA2DB7EB-E7A4-4D04-BCC4-8548C257D719}
		{B071FE9D-4C03-4B1E-9B6D-A617906A59FB} = {7E621200-F618-4A8B-8950-DED742AADF47}
		{2E77C762-F8E9-49EB-80EF-08B17F7634C1} = {7E621200-F618-4A8B-8950-DED742AADF47}
		{3CEB26DD-705E-4B5E-9C4D-2957B025276D} = {7E621200-F618-4A8B-8950-DED742AADF47}
		{DE94D540-8DD7-41ED-9917-EE773572AFDA} = {F88A3B20-396A-4C0D-A7E8-28ED89E8AB3F}
		{2CEDB525-0E53-4FD6-8859-C35C9AA835A1} = {F88A3B20-396A-4C0D-A7E8-28ED89E8AB3F}
		{CE6A3D0C-8475-4991-B219-4BE7B20A6080} = {F88A3B20-396A-4C0D-A7E8-28ED89E8AB3F}
	EndGlobalSection
	GlobalSection(ExtensibilityGlobals) = postSolution
		SolutionGuid = {33C8D5FE-D55D-4C8F-BBEE-CC0AE53A2DAA}
	EndGlobalSection
EndGlobal
